
Microsoft Visual Studio Solution File, Format Version 12.00
# Visual Studio Version 16
VisualStudioVersion = 16.0.32228.343
MinimumVisualStudioVersion = 10.0.40219.1
Project("{FAE04EC0-301F-11D3-BF4B-00C04F79EFBC}") = "Investigação", "Investigação.csproj", "{62B4FA98-D4DE-4297-A6E3-F7A37EB0A5D5}"
EndProject
Global
	GlobalSection(SolutionConfigurationPlatforms) = preSolution
		Debug|Any CPU = Debug|Any CPU
		Release|Any CPU = Release|Any CPU
	EndGlobalSection
	GlobalSection(ProjectConfigurationPlatforms) = postSolution
		{62B4FA98-D4DE-4297-A6E3-F7A37EB0A5D5}.Debug|Any CPU.ActiveCfg = Debug|Any CPU
		{62B4FA98-D4DE-4297-A6E3-F7A37EB0A5D5}.Debug|Any CPU.Build.0 = Debug|Any CPU
		{62B4FA98-D4DE-4297-A6E3-F7A37EB0A5D5}.Release|Any CPU.ActiveCfg = Release|Any CPU
		{62B4FA98-D4DE-4297-A6E3-F7A37EB0A5D5}.Release|Any CPU.Build.0 = Release|Any CPU
	EndGlobalSection
	GlobalSection(SolutionProperties) = preSolution
		HideSolutionNode = FALSE
	EndGlobalSection
	GlobalSection(ExtensibilityGlobals) = postSolution
		SolutionGuid = {1AAF1AED-7803-4D4B-9895-A23F4A64F746}
	EndGlobalSection
EndGlobal
